
Microsoft Visual Studio Solution File, Format Version 12.00
# Visual Studio Version 17
VisualStudioVersion = 17.13.35919.96 d17.13
MinimumVisualStudioVersion = 10.0.40219.1
Project("{FAE04EC0-301F-11D3-BF4B-00C04F79EFBC}") = "Laborator6", "Laborator6\Laborator6.csproj", "{BDA7326F-19DA-4612-9DBE-9090D78C8C87}"
EndProject
Global
	GlobalSection(SolutionConfigurationPlatforms) = preSolution
		Debug|Any CPU = Debug|Any CPU
		Release|Any CPU = Release|Any CPU
	EndGlobalSection
	GlobalSection(ProjectConfigurationPlatforms) = postSolution
		{BDA7326F-19DA-4612-9DBE-9090D78C8C87}.Debug|Any CPU.ActiveCfg = Debug|Any CPU
		{BDA7326F-19DA-4612-9DBE-9090D78C8C87}.Debug|Any CPU.Build.0 = Debug|Any CPU
		{BDA7326F-19DA-4612-9DBE-9090D78C8C87}.Release|Any CPU.ActiveCfg = Release|Any CPU
		{BDA7326F-19DA-4612-9DBE-9090D78C8C87}.Release|Any CPU.Build.0 = Release|Any CPU
	EndGlobalSection
	GlobalSection(SolutionProperties) = preSolution
		HideSolutionNode = FALSE
	EndGlobalSection
	GlobalSection(ExtensibilityGlobals) = postSolution
		SolutionGuid = {BD4728B5-7032-49F4-84CC-D13FDE1E0C4D}
	EndGlobalSection
EndGlobal
